Microsoft Visual Studio Solution File, Format Version 12.00
# Visual Studio 2012
Project("{FAE04EC0-301F-11D3-BF4B-00C04F79EFBC}") = "ClevoECView", "ClevoECView.csproj", "{C2191A18-DAD9-48E0-8573-32E98D30036E}"
EndProject
Global
	GlobalSection(SolutionConfigurationPlatforms) = preSolution
		Debug|Any CPU = Debug|Any CPU
		Release|Any CPU = Release|Any CPU
	EndGlobalSection
	GlobalSection(ProjectConfigurationPlatforms) = postSolution
		{C2191A18-DAD9-48E0-8573-32E98D30036E}.Debug|Any CPU.ActiveCfg = Debug|Any CPU
		{C2191A18-DAD9-48E0-8573-32E98D30036E}.Debug|Any CPU.Build.0 = Debug|Any CPU
		{C2191A18-DAD9-48E0-8573-32E98D30036E}.Release|Any CPU.ActiveCfg = Release|Any CPU
		{C2191A18-DAD9-48E0-8573-32E98D30036E}.Release|Any CPU.Build.0 = Release|Any CPU
	EndGlobalSection
	GlobalSection(SolutionProperties) = preSolution
		HideSolutionNode = FALSE
	EndGlobalSection
EndGlobal
